
Microsoft Visual Studio Solution File, Format Version 12.00
# Visual Studio Version 16
VisualStudioVersion = 16.0.31025.194
MinimumVisualStudioVersion = 10.0.40219.1
Project("{FAE04EC0-301F-11D3-BF4B-00C04F79EFBC}") = "Objects", "Objects\Objects.csproj", "{AB67A70F-2378-4726-B991-CF93E3740AB5}"
EndProject
Global
	GlobalSection(SolutionConfigurationPlatforms) = preSolution
		Debug|Any CPU = Debug|Any CPU
		Release|Any CPU = Release|Any CPU
	EndGlobalSection
	GlobalSection(ProjectConfigurationPlatforms) = postSolution
		{AB67A70F-2378-4726-B991-CF93E3740AB5}.Debug|Any CPU.ActiveCfg = Debug|Any CPU
		{AB67A70F-2378-4726-B991-CF93E3740AB5}.Debug|Any CPU.Build.0 = Debug|Any CPU
		{AB67A70F-2378-4726-B991-CF93E3740AB5}.Release|Any CPU.ActiveCfg = Release|Any CPU
		{AB67A70F-2378-4726-B991-CF93E3740AB5}.Release|Any CPU.Build.0 = Release|Any CPU
	EndGlobalSection
	GlobalSection(SolutionProperties) = preSolution
		HideSolutionNode = FALSE
	EndGlobalSection
	GlobalSection(ExtensibilityGlobals) = postSolution
		SolutionGuid = {FF2C6237-2345-45C2-8922-A635CD508A0F}
	EndGlobalSection
EndGlobal
